[[dependencies]]
name = "@openzeppelin-contracts"
version = "5.6.0-rc.1"
url = "https://soldeer-revisions.s3.amazonaws.com/@openzeppelin-contracts/5_6_0-rc_1_12-01-2026_23:01:57_contracts.zip"
checksum = "d37187263f82783c5eaeeb3c18d0147e23d54ae33f5966fce2a7bac60ce81480"
integrity = "964d6bbaf7ea075943d73945a3263e4d098ca7597978a296be48cbe1a792eb85"
